
Microsoft Visual Studio Solution File, Format Version 11.00
# Visual Studio 2010
Project("{FAE04EC0-301F-11D3-BF4B-00C04F79EFBC}") = "FTServer", "FTServer.csproj", "{E68F6464-6C17-4C70-9BE8-5F7E1DDCBAA5}"
EndProject
Project("{FAE04EC0-301F-11D3-BF4B-00C04F79EFBC}") = "EngineConsole", "..\EngineConsole\EngineConsole.csproj", "{4FD9658C-AA9B-440C-B899-2455FDF2B075}"
EndProject
Global
	GlobalSection(SolutionConfigurationPlatforms) = preSolution
		Debug|Any CPU = Debug|Any CPU
		Release|Any CPU = Release|Any CPU
	EndGlobalSection
	GlobalSection(ProjectConfigurationPlatforms) = postSolution
		{4FD9658C-AA9B-440C-B899-2455FDF2B075}.Debug|Any CPU.ActiveCfg = Debug|Any CPU
		{4FD9658C-AA9B-440C-B899-2455FDF2B075}.Debug|Any CPU.Build.0 = Debug|Any CPU
		{4FD9658C-AA9B-440C-B899-2455FDF2B075}.Release|Any CPU.ActiveCfg = Release|Any CPU
		{4FD9658C-AA9B-440C-B899-2455FDF2B075}.Release|Any CPU.Build.0 = Release|Any CPU
		{E68F6464-6C17-4C70-9BE8-5F7E1DDCBAA5}.Debug|Any CPU.ActiveCfg = Debug|Any CPU
		{E68F6464-6C17-4C70-9BE8-5F7E1DDCBAA5}.Debug|Any CPU.Build.0 = Debug|Any CPU
		{E68F6464-6C17-4C70-9BE8-5F7E1DDCBAA5}.Release|Any CPU.ActiveCfg = Release|Any CPU
		{E68F6464-6C17-4C70-9BE8-5F7E1DDCBAA5}.Release|Any CPU.Build.0 = Release|Any CPU
	EndGlobalSection
	GlobalSection(MonoDevelopProperties) = preSolution
		StartupItem = FTServer.csproj
	EndGlobalSection
EndGlobal
